{
  "version": 4,
  "terraform_version": "1.7.4",
  "serial": 81,
  "lineage": "b022ef60-0d1e-fc94-d199-5443b797c021",
  "outputs": {},
  "resources": [
    {
      "mode": "managed",
      "type": "aws_ebs_volume",
      "name": "my_ebs_volume",
      "provider": "provider[\"registry.terraform.io/hashicorp/aws\"]",
      "instances": [
        {
          "index_key": 0,
          "schema_version": 0,
          "attributes": {
            "arn": "arn:aws:ec2:ap-south-1:041668385087:volume/vol-08013f4b2482194af",
            "availability_zone": "ap-south-1a",
            "encrypted": false,
            "final_snapshot": false,
            "id": "vol-08013f4b2482194af",
            "iops": 100,
            "kms_key_id": "",
            "multi_attach_enabled": false,
            "outpost_arn": "",
            "size": 20,
            "snapshot_id": "",
            "tags": {
              "Name": "my_ebs_volume_1"
            },
            "tags_all": {
              "Name": "my_ebs_volume_1"
            },
            "throughput": 0,
            "timeouts": null,
            "type": "gp2"
          },
          "sensitive_attributes": [],
          "private": "eyJlMmJmYjczMC1lY2FhLTExZTYtOGY4OC0zNDM2M2JjN2M0YzAiOnsiY3JlYXRlIjozMDAwMDAwMDAwMDAsImRlbGV0ZSI6MzAwMDAwMDAwMDAwLCJ1cGRhdGUiOjMwMDAwMDAwMDAwMH19"
        },
        {
          "index_key": 1,
          "schema_version": 0,
          "attributes": {
            "arn": "arn:aws:ec2:ap-south-1:041668385087:volume/vol-0aa2fc50d6ca3d778",
            "availability_zone": "ap-south-1b",
            "encrypted": false,
            "final_snapshot": false,
            "id": "vol-0aa2fc50d6ca3d778",
            "iops": 100,
            "kms_key_id": "",
            "multi_attach_enabled": false,
            "outpost_arn": "",
            "size": 20,
            "snapshot_id": "",
            "tags": {
              "Name": "my_ebs_volume_2"
            },
            "tags_all": {
              "Name": "my_ebs_volume_2"
            },
            "throughput": 0,
            "timeouts": null,
            "type": "gp2"
          },
          "sensitive_attributes": [],
          "private": "eyJlMmJmYjczMC1lY2FhLTExZTYtOGY4OC0zNDM2M2JjN2M0YzAiOnsiY3JlYXRlIjozMDAwMDAwMDAwMDAsImRlbGV0ZSI6MzAwMDAwMDAwMDAwLCJ1cGRhdGUiOjMwMDAwMDAwMDAwMH19"
        },
        {
          "index_key": 2,
          "schema_version": 0,
          "attributes": {
            "arn": "arn:aws:ec2:ap-south-1:041668385087:volume/vol-067674a6032147769",
            "availability_zone": "ap-south-1c",
            "encrypted": false,
            "final_snapshot": false,
            "id": "vol-067674a6032147769",
            "iops": 100,
            "kms_key_id": "",
            "multi_attach_enabled": false,
            "outpost_arn": "",
            "size": 20,
            "snapshot_id": "",
            "tags": {
              "Name": "my_ebs_volume_3"
            },
            "tags_all": {
              "Name": "my_ebs_volume_3"
            },
            "throughput": 0,
            "timeouts": null,
            "type": "gp2"
          },
          "sensitive_attributes": [],
          "private": "eyJlMmJmYjczMC1lY2FhLTExZTYtOGY4OC0zNDM2M2JjN2M0YzAiOnsiY3JlYXRlIjozMDAwMDAwMDAwMDAsImRlbGV0ZSI6MzAwMDAwMDAwMDAwLCJ1cGRhdGUiOjMwMDAwMDAwMDAwMH19"
        }
      ]
    },
    {
      "mode": "managed",
      "type": "aws_instance",
      "name": "Test-EC2",
      "provider": "provider[\"registry.terraform.io/hashicorp/aws\"]",
      "instances": [
        {
          "index_key": 0,
          "schema_version": 1,
          "attributes": {
            "ami": "ami-03f4878755434977f",
            "arn": "arn:aws:ec2:ap-south-1:041668385087:instance/i-04aea4a8fabd239a7",
            "associate_public_ip_address": true,
            "availability_zone": "ap-south-1a",
            "capacity_reservation_specification": [
              {
                "capacity_reservation_preference": "open",
                "capacity_reservation_target": []
              }
            ],
            "cpu_core_count": 1,
            "cpu_options": [
              {
                "amd_sev_snp": "",
                "core_count": 1,
                "threads_per_core": 2
              }
            ],
            "cpu_threads_per_core": 2,
            "credit_specification": [
              {
                "cpu_credits": "unlimited"
              }
            ],
            "disable_api_stop": false,
            "disable_api_termination": false,
            "ebs_block_device": [
              {
                "delete_on_termination": false,
                "device_name": "/dev/sdh",
                "encrypted": false,
                "iops": 100,
                "kms_key_id": "",
                "snapshot_id": "",
                "tags": {
                  "Name": "my_ebs_volume_1"
                },
                "tags_all": {
                  "Name": "my_ebs_volume_1"
                },
                "throughput": 0,
                "volume_id": "vol-08013f4b2482194af",
                "volume_size": 20,
                "volume_type": "gp2"
              }
            ],
            "ebs_optimized": false,
            "enclave_options": [
              {
                "enabled": false
              }
            ],
            "ephemeral_block_device": [],
            "get_password_data": false,
            "hibernation": false,
            "host_id": "",
            "host_resource_group_arn": null,
            "iam_instance_profile": "",
            "id": "i-04aea4a8fabd239a7",
            "instance_initiated_shutdown_behavior": "stop",
            "instance_lifecycle": "",
            "instance_market_options": [],
            "instance_state": "running",
            "instance_type": "t3a.medium",
            "ipv6_address_count": 0,
            "ipv6_addresses": [],
            "key_name": "tf-key-pair",
            "launch_template": [],
            "maintenance_options": [
              {
                "auto_recovery": "default"
              }
            ],
            "metadata_options": [
              {
                "http_endpoint": "enabled",
                "http_protocol_ipv6": "disabled",
                "http_put_response_hop_limit": 1,
                "http_tokens": "optional",
                "instance_metadata_tags": "disabled"
              }
            ],
            "monitoring": false,
            "network_interface": [],
            "outpost_arn": "",
            "password_data": "",
            "placement_group": "",
            "placement_partition_number": 0,
            "primary_network_interface_id": "eni-0c082e697aeeeeeec",
            "private_dns": "ip-10-0-0-110.ap-south-1.compute.internal",
            "private_dns_name_options": [
              {
                "enable_resource_name_dns_a_record": false,
                "enable_resource_name_dns_aaaa_record": false,
                "hostname_type": "ip-name"
              }
            ],
            "private_ip": "10.0.0.110",
            "public_dns": "",
            "public_ip": "43.204.37.43",
            "root_block_device": [
              {
                "delete_on_termination": true,
                "device_name": "/dev/sda1",
                "encrypted": false,
                "iops": 100,
                "kms_key_id": "",
                "tags": {},
                "tags_all": {},
                "throughput": 0,
                "volume_id": "vol-010f5f1ae40e520d0",
                "volume_size": 8,
                "volume_type": "gp2"
              }
            ],
            "secondary_private_ips": [],
            "security_groups": [],
            "source_dest_check": true,
            "spot_instance_request_id": "",
            "subnet_id": "subnet-0b0e4c6740c65b257",
            "tags": {
              "Launched-By": "Terraform-CLI",
              "Name": "WEB-Server",
              "Team": "DevOps"
            },
            "tags_all": {
              "Launched-By": "Terraform-CLI",
              "Name": "WEB-Server",
              "Team": "DevOps"
            },
            "tenancy": "default",
            "timeouts": null,
            "user_data": null,
            "user_data_base64": null,
            "user_data_replace_on_change": false,
            "volume_tags": null,
            "vpc_security_group_ids": [
              "sg-0d16c8bd959c61443"
            ]
          },
          "sensitive_attributes": [],
          "private": "eyJlMmJmYjczMC1lY2FhLTExZTYtOGY4OC0zNDM2M2JjN2M0YzAiOnsiY3JlYXRlIjo2MDAwMDAwMDAwMDAsImRlbGV0ZSI6MTIwMDAwMDAwMDAwMCwicmVhZCI6OTAwMDAwMDAwMDAwLCJ1cGRhdGUiOjYwMDAwMDAwMDAwMH0sInNjaGVtYV92ZXJzaW9uIjoiMSJ9",
          "dependencies": [
            "aws_key_pair.tf-key-pair",
            "aws_security_group.my_sg",
            "aws_subnet.my_subnet",
            "aws_vpc.my_vpc",
            "tls_private_key.rsa"
          ]
        },
        {
          "index_key": 1,
          "schema_version": 1,
          "attributes": {
            "ami": "ami-03f4878755434977f",
            "arn": "arn:aws:ec2:ap-south-1:041668385087:instance/i-07ce91bfc1922344f",
            "associate_public_ip_address": true,
            "availability_zone": "ap-south-1b",
            "capacity_reservation_specification": [
              {
                "capacity_reservation_preference": "open",
                "capacity_reservation_target": []
              }
            ],
            "cpu_core_count": 1,
            "cpu_options": [
              {
                "amd_sev_snp": "",
                "core_count": 1,
                "threads_per_core": 2
              }
            ],
            "cpu_threads_per_core": 2,
            "credit_specification": [
              {
                "cpu_credits": "unlimited"
              }
            ],
            "disable_api_stop": false,
            "disable_api_termination": false,
            "ebs_block_device": [
              {
                "delete_on_termination": false,
                "device_name": "/dev/sdh",
                "encrypted": false,
                "iops": 100,
                "kms_key_id": "",
                "snapshot_id": "",
                "tags": {
                  "Name": "my_ebs_volume_2"
                },
                "tags_all": {
                  "Name": "my_ebs_volume_2"
                },
                "throughput": 0,
                "volume_id": "vol-0aa2fc50d6ca3d778",
                "volume_size": 20,
                "volume_type": "gp2"
              }
            ],
            "ebs_optimized": false,
            "enclave_options": [
              {
                "enabled": false
              }
            ],
            "ephemeral_block_device": [],
            "get_password_data": false,
            "hibernation": false,
            "host_id": "",
            "host_resource_group_arn": null,
            "iam_instance_profile": "",
            "id": "i-07ce91bfc1922344f",
            "instance_initiated_shutdown_behavior": "stop",
            "instance_lifecycle": "",
            "instance_market_options": [],
            "instance_state": "running",
            "instance_type": "t3a.medium",
            "ipv6_address_count": 0,
            "ipv6_addresses": [],
            "key_name": "tf-key-pair",
            "launch_template": [],
            "maintenance_options": [
              {
                "auto_recovery": "default"
              }
            ],
            "metadata_options": [
              {
                "http_endpoint": "enabled",
                "http_protocol_ipv6": "disabled",
                "http_put_response_hop_limit": 1,
                "http_tokens": "optional",
                "instance_metadata_tags": "disabled"
              }
            ],
            "monitoring": false,
            "network_interface": [],
            "outpost_arn": "",
            "password_data": "",
            "placement_group": "",
            "placement_partition_number": 0,
            "primary_network_interface_id": "eni-0d8e275e3871ff028",
            "private_dns": "ip-10-0-1-147.ap-south-1.compute.internal",
            "private_dns_name_options": [
              {
                "enable_resource_name_dns_a_record": false,
                "enable_resource_name_dns_aaaa_record": false,
                "hostname_type": "ip-name"
              }
            ],
            "private_ip": "10.0.1.147",
            "public_dns": "",
            "public_ip": "3.111.37.236",
            "root_block_device": [
              {
                "delete_on_termination": true,
                "device_name": "/dev/sda1",
                "encrypted": false,
                "iops": 100,
                "kms_key_id": "",
                "tags": {},
                "tags_all": {},
                "throughput": 0,
                "volume_id": "vol-0f12e64e174be68f8",
                "volume_size": 8,
                "volume_type": "gp2"
              }
            ],
            "secondary_private_ips": [],
            "security_groups": [],
            "source_dest_check": true,
            "spot_instance_request_id": "",
            "subnet_id": "subnet-0aaedf998e947b82a",
            "tags": {
              "Launched-By": "Terraform-CLI",
              "Name": "WEB-Server",
              "Team": "DevOps"
            },
            "tags_all": {
              "Launched-By": "Terraform-CLI",
              "Name": "WEB-Server",
              "Team": "DevOps"
            },
            "tenancy": "default",
            "timeouts": null,
            "user_data": null,
            "user_data_base64": null,
            "user_data_replace_on_change": false,
            "volume_tags": null,
            "vpc_security_group_ids": [
              "sg-0d16c8bd959c61443"
            ]
          },
          "sensitive_attributes": [],
          "private": "eyJlMmJmYjczMC1lY2FhLTExZTYtOGY4OC0zNDM2M2JjN2M0YzAiOnsiY3JlYXRlIjo2MDAwMDAwMDAwMDAsImRlbGV0ZSI6MTIwMDAwMDAwMDAwMCwicmVhZCI6OTAwMDAwMDAwMDAwLCJ1cGRhdGUiOjYwMDAwMDAwMDAwMH0sInNjaGVtYV92ZXJzaW9uIjoiMSJ9",
          "dependencies": [
            "aws_key_pair.tf-key-pair",
            "aws_security_group.my_sg",
            "aws_subnet.my_subnet",
            "aws_vpc.my_vpc",
            "tls_private_key.rsa"
          ]
        },
        {
          "index_key": 2,
          "schema_version": 1,
          "attributes": {
            "ami": "ami-03f4878755434977f",
            "arn": "arn:aws:ec2:ap-south-1:041668385087:instance/i-0cb4bb502cad52a1d",
            "associate_public_ip_address": true,
            "availability_zone": "ap-south-1c",
            "capacity_reservation_specification": [
              {
                "capacity_reservation_preference": "open",
                "capacity_reservation_target": []
              }
            ],
            "cpu_core_count": 1,
            "cpu_options": [
              {
                "amd_sev_snp": "",
                "core_count": 1,
                "threads_per_core": 2
              }
            ],
            "cpu_threads_per_core": 2,
            "credit_specification": [
              {
                "cpu_credits": "unlimited"
              }
            ],
            "disable_api_stop": false,
            "disable_api_termination": false,
            "ebs_block_device": [
              {
                "delete_on_termination": false,
                "device_name": "/dev/sdh",
                "encrypted": false,
                "iops": 100,
                "kms_key_id": "",
                "snapshot_id": "",
                "tags": {
                  "Name": "my_ebs_volume_3"
                },
                "tags_all": {
                  "Name": "my_ebs_volume_3"
                },
                "throughput": 0,
                "volume_id": "vol-067674a6032147769",
                "volume_size": 20,
                "volume_type": "gp2"
              }
            ],
            "ebs_optimized": false,
            "enclave_options": [
              {
                "enabled": false
              }
            ],
            "ephemeral_block_device": [],
            "get_password_data": false,
            "hibernation": false,
            "host_id": "",
            "host_resource_group_arn": null,
            "iam_instance_profile": "",
            "id": "i-0cb4bb502cad52a1d",
            "instance_initiated_shutdown_behavior": "stop",
            "instance_lifecycle": "",
            "instance_market_options": [],
            "instance_state": "running",
            "instance_type": "t3a.medium",
            "ipv6_address_count": 0,
            "ipv6_addresses": [],
            "key_name": "tf-key-pair",
            "launch_template": [],
            "maintenance_options": [
              {
                "auto_recovery": "default"
              }
            ],
            "metadata_options": [
              {
                "http_endpoint": "enabled",
                "http_protocol_ipv6": "disabled",
                "http_put_response_hop_limit": 1,
                "http_tokens": "optional",
                "instance_metadata_tags": "disabled"
              }
            ],
            "monitoring": false,
            "network_interface": [],
            "outpost_arn": "",
            "password_data": "",
            "placement_group": "",
            "placement_partition_number": 0,
            "primary_network_interface_id": "eni-05566e4504932becf",
            "private_dns": "ip-10-0-2-243.ap-south-1.compute.internal",
            "private_dns_name_options": [
              {
                "enable_resource_name_dns_a_record": false,
                "enable_resource_name_dns_aaaa_record": false,
                "hostname_type": "ip-name"
              }
            ],
            "private_ip": "10.0.2.243",
            "public_dns": "",
            "public_ip": "3.111.54.154",
            "root_block_device": [
              {
                "delete_on_termination": true,
                "device_name": "/dev/sda1",
                "encrypted": false,
                "iops": 100,
                "kms_key_id": "",
                "tags": {},
                "tags_all": {},
                "throughput": 0,
                "volume_id": "vol-04712ebb3d021f287",
                "volume_size": 8,
                "volume_type": "gp2"
              }
            ],
            "secondary_private_ips": [],
            "security_groups": [],
            "source_dest_check": true,
            "spot_instance_request_id": "",
            "subnet_id": "subnet-00028c4b47eb5c4cc",
            "tags": {
              "Launched-By": "Terraform-CLI",
              "Name": "WEB-Server",
              "Team": "DevOps"
            },
            "tags_all": {
              "Launched-By": "Terraform-CLI",
              "Name": "WEB-Server",
              "Team": "DevOps"
            },
            "tenancy": "default",
            "timeouts": null,
            "user_data": null,
            "user_data_base64": null,
            "user_data_replace_on_change": false,
            "volume_tags": null,
            "vpc_security_group_ids": [
              "sg-0d16c8bd959c61443"
            ]
          },
          "sensitive_attributes": [],
          "private": "eyJlMmJmYjczMC1lY2FhLTExZTYtOGY4OC0zNDM2M2JjN2M0YzAiOnsiY3JlYXRlIjo2MDAwMDAwMDAwMDAsImRlbGV0ZSI6MTIwMDAwMDAwMDAwMCwicmVhZCI6OTAwMDAwMDAwMDAwLCJ1cGRhdGUiOjYwMDAwMDAwMDAwMH0sInNjaGVtYV92ZXJzaW9uIjoiMSJ9",
          "dependencies": [
            "aws_key_pair.tf-key-pair",
            "aws_security_group.my_sg",
            "aws_subnet.my_subnet",
            "aws_vpc.my_vpc",
            "tls_private_key.rsa"
          ]
        }
      ]
    },
    {
      "mode": "managed",
      "type": "aws_internet_gateway",
      "name": "my_igw",
      "provider": "provider[\"registry.terraform.io/hashicorp/aws\"]",
      "instances": [
        {
          "schema_version": 0,
          "attributes": {
            "arn": "arn:aws:ec2:ap-south-1:041668385087:internet-gateway/igw-03c7b3e232d8c789e",
            "id": "igw-03c7b3e232d8c789e",
            "owner_id": "041668385087",
            "tags": {},
            "tags_all": {},
            "timeouts": null,
            "vpc_id": "vpc-0b1e035a03ee5c456"
          },
          "sensitive_attributes": [],
          "private": "eyJlMmJmYjczMC1lY2FhLTExZTYtOGY4OC0zNDM2M2JjN2M0YzAiOnsiY3JlYXRlIjoxMjAwMDAwMDAwMDAwLCJkZWxldGUiOjEyMDAwMDAwMDAwMDAsInVwZGF0ZSI6MTIwMDAwMDAwMDAwMH19",
          "dependencies": [
            "aws_vpc.my_vpc"
          ]
        }
      ]
    },
    {
      "mode": "managed",
      "type": "aws_key_pair",
      "name": "tf-key-pair",
      "provider": "provider[\"registry.terraform.io/hashicorp/aws\"]",
      "instances": [
        {
          "schema_version": 1,
          "attributes": {
            "arn": "arn:aws:ec2:ap-south-1:041668385087:key-pair/tf-key-pair",
            "fingerprint": "6c:df:5a:e0:3b:3e:21:63:48:3b:bf:c8:1e:ca:f0:48",
            "id": "tf-key-pair",
            "key_name": "tf-key-pair",
            "key_name_prefix": "",
            "key_pair_id": "key-0f1396c97b90a8d2d",
            "key_type": "rsa",
            "public_key": "ssh-rsa AAAAB3NzaC1yc2EAAAADAQABAAACAQDAlozyyZdLbJZm6er/zdIS7elF6tkoNRK/1xislqSv6hOTXk8nauh7KkXagi51ZI66j0RpjSFEuNNdyNU/qQEsQQixUjQ7sZtzCa23PmDGJM8Bull1cUbS9Un/0APBEqvDmzKXg2Cm5dz4UOzzcKf92y+qUrr/d3mxcAJWq81x/reShWVJhu4gWAaXXKJq/Am04nfP4Bb73rVtH8v878qDtMy6lzU1Cl/jMwV3AJ5P5LbKZo2YhkL1V9dLn33Ig7eFm/K5akiCRMvbqPks3JnSHTSmzTrYRnKto43xgcX1M5F84rZCM126Lbb5nixaNt/oGphjQKQhSYdPuE5UBgoBLa137KDB3WBhb0VxunQemcDMDQnLKmXe3Wkn0/IOjSJfj4brd0zKHiAdjjcaJuvZGkZ2Vco5PpjbPAo99aMIIIUL0hQjXIo2NSCKThD5FtS3RfRh8prKGNdxPjoVc4ajhqFI9Uzzvs/PaGkE9HRdPjZxRUxzUYfb9TjeSSeJp3HtAwki/8cVLbW/DG4OFKJEu9wFIGTAwYNiTVTP18d9zsvtCdDCg3wWn/OPCo60qPNOGu3wxhux1LnqDeLzr1GSQoHYYGpS2xPOBiZ9sn3yc9FT/Dnhhng+mcY4JqdfQZp5OO22GsFl4Q2xSS5Ugl7jpZQd4PrJ6+5Vd1croK+dPw==",
            "tags": {},
            "tags_all": {}
          },
          "sensitive_attributes": [],
          "private": "eyJzY2hlbWFfdmVyc2lvbiI6IjEifQ==",
          "dependencies": [
            "tls_private_key.rsa"
          ]
        }
      ]
    },
    {
      "mode": "managed",
      "type": "aws_route_table",
      "name": "my_route_table",
      "provider": "provider[\"registry.terraform.io/hashicorp/aws\"]",
      "instances": [
        {
          "schema_version": 0,
          "attributes": {
            "arn": "arn:aws:ec2:ap-south-1:041668385087:route-table/rtb-099d3de73079b3ec2",
            "id": "rtb-099d3de73079b3ec2",
            "owner_id": "041668385087",
            "propagating_vgws": [],
            "route": [
              {
                "carrier_gateway_id": "",
                "cidr_block": "0.0.0.0/0",
                "core_network_arn": "",
                "destination_prefix_list_id": "",
                "egress_only_gateway_id": "",
                "gateway_id": "igw-03c7b3e232d8c789e",
                "ipv6_cidr_block": "",
                "local_gateway_id": "",
                "nat_gateway_id": "",
                "network_interface_id": "",
                "transit_gateway_id": "",
                "vpc_endpoint_id": "",
                "vpc_peering_connection_id": ""
              }
            ],
            "tags": {},
            "tags_all": {},
            "timeouts": null,
            "vpc_id": "vpc-0b1e035a03ee5c456"
          },
          "sensitive_attributes": [],
          "private": "eyJlMmJmYjczMC1lY2FhLTExZTYtOGY4OC0zNDM2M2JjN2M0YzAiOnsiY3JlYXRlIjozMDAwMDAwMDAwMDAsImRlbGV0ZSI6MzAwMDAwMDAwMDAwLCJ1cGRhdGUiOjEyMDAwMDAwMDAwMH19",
          "dependencies": [
            "aws_internet_gateway.my_igw",
            "aws_vpc.my_vpc"
          ]
        }
      ]
    },
    {
      "mode": "managed",
      "type": "aws_route_table_association",
      "name": "my_subnet_association",
      "provider": "provider[\"registry.terraform.io/hashicorp/aws\"]",
      "instances": [
        {
          "index_key": 0,
          "schema_version": 0,
          "attributes": {
            "gateway_id": "",
            "id": "rtbassoc-0dece9a0bebc632c4",
            "route_table_id": "rtb-099d3de73079b3ec2",
            "subnet_id": "subnet-0b0e4c6740c65b257",
            "timeouts": null
          },
          "sensitive_attributes": [],
          "private": "eyJlMmJmYjczMC1lY2FhLTExZTYtOGY4OC0zNDM2M2JjN2M0YzAiOnsiY3JlYXRlIjozMDAwMDAwMDAwMDAsImRlbGV0ZSI6MzAwMDAwMDAwMDAwLCJ1cGRhdGUiOjEyMDAwMDAwMDAwMH19",
          "dependencies": [
            "aws_internet_gateway.my_igw",
            "aws_route_table.my_route_table",
            "aws_subnet.my_subnet",
            "aws_vpc.my_vpc"
          ]
        },
        {
          "index_key": 1,
          "schema_version": 0,
          "attributes": {
            "gateway_id": "",
            "id": "rtbassoc-0a97f443d004fb354",
            "route_table_id": "rtb-099d3de73079b3ec2",
            "subnet_id": "subnet-0aaedf998e947b82a",
            "timeouts": null
          },
          "sensitive_attributes": [],
          "private": "eyJlMmJmYjczMC1lY2FhLTExZTYtOGY4OC0zNDM2M2JjN2M0YzAiOnsiY3JlYXRlIjozMDAwMDAwMDAwMDAsImRlbGV0ZSI6MzAwMDAwMDAwMDAwLCJ1cGRhdGUiOjEyMDAwMDAwMDAwMH19",
          "dependencies": [
            "aws_internet_gateway.my_igw",
            "aws_route_table.my_route_table",
            "aws_subnet.my_subnet",
            "aws_vpc.my_vpc"
          ]
        },
        {
          "index_key": 2,
          "schema_version": 0,
          "attributes": {
            "gateway_id": "",
            "id": "rtbassoc-07afe6121c6fbe058",
            "route_table_id": "rtb-099d3de73079b3ec2",
            "subnet_id": "subnet-00028c4b47eb5c4cc",
            "timeouts": null
          },
          "sensitive_attributes": [],
          "private": "eyJlMmJmYjczMC1lY2FhLTExZTYtOGY4OC0zNDM2M2JjN2M0YzAiOnsiY3JlYXRlIjozMDAwMDAwMDAwMDAsImRlbGV0ZSI6MzAwMDAwMDAwMDAwLCJ1cGRhdGUiOjEyMDAwMDAwMDAwMH19",
          "dependencies": [
            "aws_internet_gateway.my_igw",
            "aws_route_table.my_route_table",
            "aws_subnet.my_subnet",
            "aws_vpc.my_vpc"
          ]
        }
      ]
    },
    {
      "mode": "managed",
      "type": "aws_security_group",
      "name": "my_sg",
      "provider": "provider[\"registry.terraform.io/hashicorp/aws\"]",
      "instances": [
        {
          "schema_version": 1,
          "attributes": {
            "arn": "arn:aws:ec2:ap-south-1:041668385087:security-group/sg-0d16c8bd959c61443",
            "description": "Managed by Terraform",
            "egress": [
              {
                "cidr_blocks": [
                  "0.0.0.0/0"
                ],
                "description": "",
                "from_port": 0,
                "ipv6_cidr_blocks": [],
                "prefix_list_ids": [],
                "protocol": "-1",
                "security_groups": [],
                "self": false,
                "to_port": 0
              }
            ],
            "id": "sg-0d16c8bd959c61443",
            "ingress": [
              {
                "cidr_blocks": [
                  "0.0.0.0/0"
                ],
                "description": "",
                "from_port": 22,
                "ipv6_cidr_blocks": [],
                "prefix_list_ids": [],
                "protocol": "tcp",
                "security_groups": [],
                "self": false,
                "to_port": 22
              },
              {
                "cidr_blocks": [
                  "0.0.0.0/0"
                ],
                "description": "",
                "from_port": 443,
                "ipv6_cidr_blocks": [],
                "prefix_list_ids": [],
                "protocol": "tcp",
                "security_groups": [],
                "self": false,
                "to_port": 443
              },
              {
                "cidr_blocks": [
                  "0.0.0.0/0"
                ],
                "description": "",
                "from_port": 80,
                "ipv6_cidr_blocks": [],
                "prefix_list_ids": [],
                "protocol": "tcp",
                "security_groups": [],
                "self": false,
                "to_port": 80
              }
            ],
            "name": "my-security-group",
            "name_prefix": "",
            "owner_id": "041668385087",
            "revoke_rules_on_delete": false,
            "tags": {},
            "tags_all": {},
            "timeouts": null,
            "vpc_id": "vpc-0b1e035a03ee5c456"
          },
          "sensitive_attributes": [],
          "private": "eyJlMmJmYjczMC1lY2FhLTExZTYtOGY4OC0zNDM2M2JjN2M0YzAiOnsiY3JlYXRlIjo2MDAwMDAwMDAwMDAsImRlbGV0ZSI6OTAwMDAwMDAwMDAwfSwic2NoZW1hX3ZlcnNpb24iOiIxIn0=",
          "dependencies": [
            "aws_vpc.my_vpc"
          ]
        }
      ]
    },
    {
      "mode": "managed",
      "type": "aws_subnet",
      "name": "my_subnet",
      "provider": "provider[\"registry.terraform.io/hashicorp/aws\"]",
      "instances": [
        {
          "index_key": 0,
          "schema_version": 1,
          "attributes": {
            "arn": "arn:aws:ec2:ap-south-1:041668385087:subnet/subnet-0b0e4c6740c65b257",
            "assign_ipv6_address_on_creation": false,
            "availability_zone": "ap-south-1a",
            "availability_zone_id": "aps1-az1",
            "cidr_block": "10.0.0.0/24",
            "customer_owned_ipv4_pool": "",
            "enable_dns64": false,
            "enable_lni_at_device_index": 0,
            "enable_resource_name_dns_a_record_on_launch": false,
            "enable_resource_name_dns_aaaa_record_on_launch": false,
            "id": "subnet-0b0e4c6740c65b257",
            "ipv6_cidr_block": "",
            "ipv6_cidr_block_association_id": "",
            "ipv6_native": false,
            "map_customer_owned_ip_on_launch": false,
            "map_public_ip_on_launch": false,
            "outpost_arn": "",
            "owner_id": "041668385087",
            "private_dns_hostname_type_on_launch": "ip-name",
            "tags": {
              "Name": "my_subnet_1"
            },
            "tags_all": {
              "Name": "my_subnet_1"
            },
            "timeouts": null,
            "vpc_id": "vpc-0b1e035a03ee5c456"
          },
          "sensitive_attributes": [],
          "private": "eyJlMmJmYjczMC1lY2FhLTExZTYtOGY4OC0zNDM2M2JjN2M0YzAiOnsiY3JlYXRlIjo2MDAwMDAwMDAwMDAsImRlbGV0ZSI6MTIwMDAwMDAwMDAwMH0sInNjaGVtYV92ZXJzaW9uIjoiMSJ9",
          "dependencies": [
            "aws_vpc.my_vpc"
          ]
        },
        {
          "index_key": 1,
          "schema_version": 1,
          "attributes": {
            "arn": "arn:aws:ec2:ap-south-1:041668385087:subnet/subnet-0aaedf998e947b82a",
            "assign_ipv6_address_on_creation": false,
            "availability_zone": "ap-south-1b",
            "availability_zone_id": "aps1-az3",
            "cidr_block": "10.0.1.0/24",
            "customer_owned_ipv4_pool": "",
            "enable_dns64": false,
            "enable_lni_at_device_index": 0,
            "enable_resource_name_dns_a_record_on_launch": false,
            "enable_resource_name_dns_aaaa_record_on_launch": false,
            "id": "subnet-0aaedf998e947b82a",
            "ipv6_cidr_block": "",
            "ipv6_cidr_block_association_id": "",
            "ipv6_native": false,
            "map_customer_owned_ip_on_launch": false,
            "map_public_ip_on_launch": false,
            "outpost_arn": "",
            "owner_id": "041668385087",
            "private_dns_hostname_type_on_launch": "ip-name",
            "tags": {
              "Name": "my_subnet_2"
            },
            "tags_all": {
              "Name": "my_subnet_2"
            },
            "timeouts": null,
            "vpc_id": "vpc-0b1e035a03ee5c456"
          },
          "sensitive_attributes": [],
          "private": "eyJlMmJmYjczMC1lY2FhLTExZTYtOGY4OC0zNDM2M2JjN2M0YzAiOnsiY3JlYXRlIjo2MDAwMDAwMDAwMDAsImRlbGV0ZSI6MTIwMDAwMDAwMDAwMH0sInNjaGVtYV92ZXJzaW9uIjoiMSJ9",
          "dependencies": [
            "aws_vpc.my_vpc"
          ]
        },
        {
          "index_key": 2,
          "schema_version": 1,
          "attributes": {
            "arn": "arn:aws:ec2:ap-south-1:041668385087:subnet/subnet-00028c4b47eb5c4cc",
            "assign_ipv6_address_on_creation": false,
            "availability_zone": "ap-south-1c",
            "availability_zone_id": "aps1-az2",
            "cidr_block": "10.0.2.0/24",
            "customer_owned_ipv4_pool": "",
            "enable_dns64": false,
            "enable_lni_at_device_index": 0,
            "enable_resource_name_dns_a_record_on_launch": false,
            "enable_resource_name_dns_aaaa_record_on_launch": false,
            "id": "subnet-00028c4b47eb5c4cc",
            "ipv6_cidr_block": "",
            "ipv6_cidr_block_association_id": "",
            "ipv6_native": false,
            "map_customer_owned_ip_on_launch": false,
            "map_public_ip_on_launch": false,
            "outpost_arn": "",
            "owner_id": "041668385087",
            "private_dns_hostname_type_on_launch": "ip-name",
            "tags": {
              "Name": "my_subnet_3"
            },
            "tags_all": {
              "Name": "my_subnet_3"
            },
            "timeouts": null,
            "vpc_id": "vpc-0b1e035a03ee5c456"
          },
          "sensitive_attributes": [],
          "private": "eyJlMmJmYjczMC1lY2FhLTExZTYtOGY4OC0zNDM2M2JjN2M0YzAiOnsiY3JlYXRlIjo2MDAwMDAwMDAwMDAsImRlbGV0ZSI6MTIwMDAwMDAwMDAwMH0sInNjaGVtYV92ZXJzaW9uIjoiMSJ9",
          "dependencies": [
            "aws_vpc.my_vpc"
          ]
        }
      ]
    },
    {
      "mode": "managed",
      "type": "aws_volume_attachment",
      "name": "ebs_attachment",
      "provider": "provider[\"registry.terraform.io/hashicorp/aws\"]",
      "instances": [
        {
          "index_key": 0,
          "schema_version": 0,
          "attributes": {
            "device_name": "/dev/sdh",
            "force_detach": null,
            "id": "vai-1802261342",
            "instance_id": "i-04aea4a8fabd239a7",
            "skip_destroy": null,
            "stop_instance_before_detaching": null,
            "timeouts": null,
            "volume_id": "vol-08013f4b2482194af"
          },
          "sensitive_attributes": [],
          "private": "eyJlMmJmYjczMC1lY2FhLTExZTYtOGY4OC0zNDM2M2JjN2M0YzAiOnsiY3JlYXRlIjozMDAwMDAwMDAwMDAsImRlbGV0ZSI6MzAwMDAwMDAwMDAwfX0=",
          "dependencies": [
            "aws_ebs_volume.my_ebs_volume",
            "aws_instance.Test-EC2",
            "aws_key_pair.tf-key-pair",
            "aws_security_group.my_sg",
            "aws_subnet.my_subnet",
            "aws_vpc.my_vpc",
            "tls_private_key.rsa"
          ]
        },
        {
          "index_key": 1,
          "schema_version": 0,
          "attributes": {
            "device_name": "/dev/sdh",
            "force_detach": null,
            "id": "vai-1051622867",
            "instance_id": "i-07ce91bfc1922344f",
            "skip_destroy": null,
            "stop_instance_before_detaching": null,
            "timeouts": null,
            "volume_id": "vol-0aa2fc50d6ca3d778"
          },
          "sensitive_attributes": [],
          "private": "eyJlMmJmYjczMC1lY2FhLTExZTYtOGY4OC0zNDM2M2JjN2M0YzAiOnsiY3JlYXRlIjozMDAwMDAwMDAwMDAsImRlbGV0ZSI6MzAwMDAwMDAwMDAwfX0=",
          "dependencies": [
            "aws_ebs_volume.my_ebs_volume",
            "aws_instance.Test-EC2",
            "aws_key_pair.tf-key-pair",
            "aws_security_group.my_sg",
            "aws_subnet.my_subnet",
            "aws_vpc.my_vpc",
            "tls_private_key.rsa"
          ]
        },
        {
          "index_key": 2,
          "schema_version": 0,
          "attributes": {
            "device_name": "/dev/sdh",
            "force_detach": null,
            "id": "vai-1209060683",
            "instance_id": "i-0cb4bb502cad52a1d",
            "skip_destroy": null,
            "stop_instance_before_detaching": null,
            "timeouts": null,
            "volume_id": "vol-067674a6032147769"
          },
          "sensitive_attributes": [],
          "private": "eyJlMmJmYjczMC1lY2FhLTExZTYtOGY4OC0zNDM2M2JjN2M0YzAiOnsiY3JlYXRlIjozMDAwMDAwMDAwMDAsImRlbGV0ZSI6MzAwMDAwMDAwMDAwfX0=",
          "dependencies": [
            "aws_ebs_volume.my_ebs_volume",
            "aws_instance.Test-EC2",
            "aws_key_pair.tf-key-pair",
            "aws_security_group.my_sg",
            "aws_subnet.my_subnet",
            "aws_vpc.my_vpc",
            "tls_private_key.rsa"
          ]
        }
      ]
    },
    {
      "mode": "managed",
      "type": "aws_vpc",
      "name": "my_vpc",
      "provider": "provider[\"registry.terraform.io/hashicorp/aws\"]",
      "instances": [
        {
          "schema_version": 1,
          "attributes": {
            "arn": "arn:aws:ec2:ap-south-1:041668385087:vpc/vpc-0b1e035a03ee5c456",
            "assign_generated_ipv6_cidr_block": false,
            "cidr_block": "10.0.0.0/16",
            "default_network_acl_id": "acl-0fb2fcf8d5b9cec12",
            "default_route_table_id": "rtb-052f646f799b204d9",
            "default_security_group_id": "sg-0b62ba1a43311819c",
            "dhcp_options_id": "dopt-fd545695",
            "enable_dns_hostnames": false,
            "enable_dns_support": true,
            "enable_network_address_usage_metrics": false,
            "id": "vpc-0b1e035a03ee5c456",
            "instance_tenancy": "default",
            "ipv4_ipam_pool_id": null,
            "ipv4_netmask_length": null,
            "ipv6_association_id": "",
            "ipv6_cidr_block": "",
            "ipv6_cidr_block_network_border_group": "",
            "ipv6_ipam_pool_id": "",
            "ipv6_netmask_length": 0,
            "main_route_table_id": "rtb-052f646f799b204d9",
            "owner_id": "041668385087",
            "tags": {},
            "tags_all": {}
          },
          "sensitive_attributes": [],
          "private": "eyJzY2hlbWFfdmVyc2lvbiI6IjEifQ=="
        }
      ]
    },
    {
      "mode": "managed",
      "type": "local_file",
      "name": "tf-key",
      "provider": "provider[\"registry.terraform.io/hashicorp/local\"]",
      "instances": [
        {
          "schema_version": 0,
          "attributes": {
            "content": "-----BEGIN RSA PRIVATE KEY-----\nMIIJKQIBAAKCAgEAwJaM8smXS2yWZunq/83SEu3pRerZKDUSv9cYrJakr+oTk15P\nJ2roeypF2oIudWSOuo9EaY0hRLjTXcjVP6kBLEEIsVI0O7Gbcwmttz5gxiTPAbpZ\ndXFG0vVJ/9ADwRKrw5syl4NgpuXc+FDs83Cn/dsvqlK6/3d5sXACVqvNcf63koVl\nSYbuIFgGl1yiavwJtOJ3z+AW+961bR/L/O/Kg7TMupc1NQpf4zMFdwCeT+S2ymaN\nmIZC9VfXS599yIO3hZvyuWpIgkTL26j5LNyZ0h00ps062EZyraON8YHF9TORfOK2\nQjNdui22+Z4sWjbf6BqYY0CkIUmHT7hOVAYKAS2td+ygwd1gYW9Fcbp0HpnAzA0J\nyypl3t1pJ9PyDo0iX4+G63dMyh4gHY43Gibr2RpGdlXKOT6Y2zwKPfWjCCCFC9IU\nI1yKNjUgik4Q+RbUt0X0YfKayhjXcT46FXOGo4ahSPVM877Pz2hpBPR0XT42cUVM\nc1GH2/U43kkniadx7QMJIv/HFS21vwxuDhSiRLvcBSBkwMGDYk1Uz9fHfc7L7QnQ\nwoN8Fp/zjwqOtKjzThrt8MYbsdS56g3i869RkkKB2GBqUtsTzgYmfbJ98nPRU/w5\n4YZ4PpnGOCanX0GaeTjtthrBZeENsUkuVIJe46WUHeD6yevuVXdXK6CvnT8CAwEA\nAQKCAgEAr6KdOG4QxIBrSb/ayR9zjj/aliDvmnOMfdg0cHGSD7xxzdwcY95j1q9e\ntUA0Dmt+nzU5Num2hW3plYYqtLv0jd9hhhVp/WakVe1lt8/zgcDf6LuCClEcPhfl\nPJ8ATXwxmVpYcUUnSA4pz2w+LGV5T1Itzi9Uytay7Ncxyskzu9qIn9931+5uDKE6\noZ+hn9/rGkPO8I11aI5a9wIgjrRBBIxGiYSMyaqEeDd3rGer+UCkU0HjsE4Bkq5h\ncl4p4Ev/eqIWYnJDXkpPgCxB0l/9CFoKQnS4TbUxsJmQQcgQOOamsDYx8X3W5Iv8\navmNiViyKoLWpu20wYbFGDcFeCtpwsGQnlW7ylgMKuLvBQYnfzK6PGX9Z4ougDTe\nlVh6IqKr1sY2Dr8vwJLnKEGg16+LZsh+coJvrnDb+/30uk8uuhAud51rESRaKfZP\n9AhEvl5QJB5GEyJGQkJ8zsbV3fRnsWbp92eKSqck82Z9AWESOkx4BrHDFRc5+rCw\n8aanKOt/0bLMVln07dD0I47XlXWMq6EFXfnZKU/gaIZkb6MVy3mcjV4+OOh7jC6V\nCY8CpYpaSE8b4KM03dVO5WGILf91gXjJM3njVS2zRviR9QKRRc0vyv0prPKkUJOW\n2DkdDGU0gQS4wibe9jgZaMXLCaTRdOLiVxgWwirN4io+ESiuNsECggEBAPm93V3Y\nw8EwzDeiEJy85/zt3Fh+4twU5f2OK4++CgiUpkqdj6/cVZjO2OLi80kevPs9s2QB\nth8i830bMiIPI+go6RtJj0/16li5e0HiNpn3IgqHW9slW7Bg56p0ckLnpRE/hRI1\nMOeNiohEk6pG4/k9AvDA1AlG+fdgVHHYQ19wiX8xDG0NtmlCbQCQetC8XbA3uCrc\n3I89Q/pHe67YRQ+N1umw15zeBjK1nMiarcp8yJJF8NC5xFCGy2AfUXTJYt4C2aH0\nLBQ6ufcJxs3lvYOcsMz29a6GMVFz9RNRrRDFkKJxjCWpDqZDh4TSWY7cKk6e0SNC\n+9kxyiE7lojpbcMCggEBAMVqCTWLPS1TPbTNmFSXFVS493LHXOoQGMLws1GI6j/k\nNFffxvCq4SHPhjdnGF7MgA7WniOhcgWdHm0AR+Cyc4ZHMzao73kM/OBM+PH3SgfA\nWAGB2fSsRX3QjF8V5truq+JDpxjqy4EDcuoCWT5OY4Qmi6d2CiXAcj1Bnyf3y7N1\nu7Q8YRvOwMbXOGcaGsO8F9mTPZO9Zq0cCc3od5fC2oTAKfQT5NdiYytpf2GYyq1C\nDJqPMUVeokJjmC79t19IwU3EMZ2SSaeqAujeFjxA/6laq/g+qct3o/vpOI5cWrNP\n5W4cvQcl/bJyk3I990BJfiTdaHOk+74rEIbvgIEk7tUCggEAZGWJWjLL7xwY3LyQ\nBRKECE/u5ryLooHcO2Qt6ukwy2ZGu3Q/0Si4WGe/FOa7eseanT2eojN17Wp1i/Ok\n4cBIZQodO9UEgdaQUP6vqDqyTI7m5min6p9IDs3GE+YgEPliiF6KtlkfwdZKvKEk\n46z/9LAsQHCkTN51mpblG6ce3n01KSakoiqDDCmh/DoYxVUULMUZilGjcQnmC/U0\nqYNTr/8LSILJCszOnRAZaSOVffNQBk2Lk706SE0H8Spl6pcS4cEvkEXCepdpLwCF\nJTyYRRJ2mM8m0PQtW1tMSGnrMvTZQhR3jKQ7uWcoUaLmUeH8OALsfEpvSE8VvOph\nh8SfVQKCAQAZHDOvq9ZMPZpLtRr7J3x/GkffQZx/6Sw9H4Cvjkq9dblys/QKCLI6\nKrtXsLVY2YowWPwkbBSkwidsleyOmCQ5oDTTbwmGzDAeF6xSmrG/6qdHCc0/Yeo0\n5qH0NkT29ATI8vH+KV9ZOacUPNg9JJtj48M/ubPwuVnOkNo9qzctzHvjoQp5DwNW\nR2nVM2zUGMiv1BqxABZfToGwvzD3DMHewNKVSTKCcvFKRFD/iP++qfgQcMZDnJXm\n++QPlhYM+KQd0Ca/dCwKN4XHOPh7EYlzcSUOnmnah41ELZYUBYtD45W7O8yPbDWo\nzQoULe2VL8PrzH3Mt9+NgMzJXQ1rX9dBAoIBAQCKVQJeF5RMXy1J0GwXsJdnJ4Ej\nqJ+Y/DwjbPcvvOcx0qV3DH5mmFPm+BTv55NupE1LY72IdH3hqGBGdq+Usc4glDfl\nwpEhh6hOfyZ/ngAiUxdL6CIttz20o2oUQKA0+Jq1AMHbXc1E/CORHPM/UiSv8/PN\n1Eqg4tRVCkHtTuQY51DdTf1I73IRVzxEFT9oERYz2WaMn8pV1C92xQRJB2XN3r8/\naFQp1Xtiz66bacDeWjgbMVVtzaH+SeW2POVS4st0boRJ0og/ltaiDFZrpA6/uyxU\nV3l46nfbZFg6hrY2C+VfLwdNN4BjM15W4VeZtjaBSy+Pck9aGsr3YzZRaLxz\n-----END RSA PRIVATE KEY-----\n",
            "content_base64": null,
            "content_base64sha256": "w9/uY0vhTsvlqh7bGvhtkK7IvOvvR3BIBrFiqyDiG+s=",
            "content_base64sha512": "odNnixLbIXQe3C3G45+S1wivHESl/eQvbtiGH2/gtZkW0lp0frZNxSG9lqTIrFGtRGpOi+Tqxpd69OI9rqITag==",
            "content_md5": "3822d6bcea3965c723d799f12bedac41",
            "content_sha1": "432bb0420dc8d5b76c768c860b9b5d2d7671bdff",
            "content_sha256": "c3dfee634be14ecbe5aa1edb1af86d90aec8bcebef47704806b162ab20e21beb",
            "content_sha512": "a1d3678b12db21741edc2dc6e39f92d708af1c44a5fde42f6ed8861f6fe0b59916d25a747eb64dc521bd96a4c8ac51ad446a4e8be4eac6977af4e23daea2136a",
            "directory_permission": "0777",
            "file_permission": "0600",
            "filename": "tf-key-pair",
            "id": "432bb0420dc8d5b76c768c860b9b5d2d7671bdff",
            "sensitive_content": null,
            "source": null
          },
          "sensitive_attributes": [
            [
              {
                "type": "get_attr",
                "value": "content"
              }
            ]
          ],
          "dependencies": [
            "tls_private_key.rsa"
          ]
        }
      ]
    },
    {
      "mode": "managed",
      "type": "tls_private_key",
      "name": "rsa",
      "provider": "provider[\"registry.terraform.io/hashicorp/tls\"]",
      "instances": [
        {
          "schema_version": 1,
          "attributes": {
            "algorithm": "RSA",
            "ecdsa_curve": "P224",
            "id": "8474c26e80966a3d042ad8ab4bc05d1d6e129c51",
            "private_key_openssh": "-----BEGIN OPENSSH PRIVATE KEY-----\nb3BlbnNzaC1rZXktdjEAAAAABG5vbmUAAAAEbm9uZQAAAAAAAAABAAACFwAAAAdz\nc2gtcnNhAAAAAwEAAQAAAgEAwJaM8smXS2yWZunq/83SEu3pRerZKDUSv9cYrJak\nr+oTk15PJ2roeypF2oIudWSOuo9EaY0hRLjTXcjVP6kBLEEIsVI0O7Gbcwmttz5g\nxiTPAbpZdXFG0vVJ/9ADwRKrw5syl4NgpuXc+FDs83Cn/dsvqlK6/3d5sXACVqvN\ncf63koVlSYbuIFgGl1yiavwJtOJ3z+AW+961bR/L/O/Kg7TMupc1NQpf4zMFdwCe\nT+S2ymaNmIZC9VfXS599yIO3hZvyuWpIgkTL26j5LNyZ0h00ps062EZyraON8YHF\n9TORfOK2QjNdui22+Z4sWjbf6BqYY0CkIUmHT7hOVAYKAS2td+ygwd1gYW9Fcbp0\nHpnAzA0Jyypl3t1pJ9PyDo0iX4+G63dMyh4gHY43Gibr2RpGdlXKOT6Y2zwKPfWj\nCCCFC9IUI1yKNjUgik4Q+RbUt0X0YfKayhjXcT46FXOGo4ahSPVM877Pz2hpBPR0\nXT42cUVMc1GH2/U43kkniadx7QMJIv/HFS21vwxuDhSiRLvcBSBkwMGDYk1Uz9fH\nfc7L7QnQwoN8Fp/zjwqOtKjzThrt8MYbsdS56g3i869RkkKB2GBqUtsTzgYmfbJ9\n8nPRU/w54YZ4PpnGOCanX0GaeTjtthrBZeENsUkuVIJe46WUHeD6yevuVXdXK6Cv\nnT8AAAc4PcpiCT3KYgkAAAAHc3NoLXJzYQAAAgEAwJaM8smXS2yWZunq/83SEu3p\nRerZKDUSv9cYrJakr+oTk15PJ2roeypF2oIudWSOuo9EaY0hRLjTXcjVP6kBLEEI\nsVI0O7Gbcwmttz5gxiTPAbpZdXFG0vVJ/9ADwRKrw5syl4NgpuXc+FDs83Cn/dsv\nqlK6/3d5sXACVqvNcf63koVlSYbuIFgGl1yiavwJtOJ3z+AW+961bR/L/O/Kg7TM\nupc1NQpf4zMFdwCeT+S2ymaNmIZC9VfXS599yIO3hZvyuWpIgkTL26j5LNyZ0h00\nps062EZyraON8YHF9TORfOK2QjNdui22+Z4sWjbf6BqYY0CkIUmHT7hOVAYKAS2t\nd+ygwd1gYW9Fcbp0HpnAzA0Jyypl3t1pJ9PyDo0iX4+G63dMyh4gHY43Gibr2RpG\ndlXKOT6Y2zwKPfWjCCCFC9IUI1yKNjUgik4Q+RbUt0X0YfKayhjXcT46FXOGo4ah\nSPVM877Pz2hpBPR0XT42cUVMc1GH2/U43kkniadx7QMJIv/HFS21vwxuDhSiRLvc\nBSBkwMGDYk1Uz9fHfc7L7QnQwoN8Fp/zjwqOtKjzThrt8MYbsdS56g3i869RkkKB\n2GBqUtsTzgYmfbJ98nPRU/w54YZ4PpnGOCanX0GaeTjtthrBZeENsUkuVIJe46WU\nHeD6yevuVXdXK6CvnT8AAAADAQABAAACAQCvop04bhDEgGtJv9rJH3OOP9qWIO+a\nc4x92DRwcZIPvHHN3Bxj3mPWr161QDQOa36fNTk26baFbemVhiq0u/SN32GGFWn9\nZqRV7WW3z/OBwN/ou4IKURw+F+U8nwBNfDGZWlhxRSdIDinPbD4sZXlPUi3OL1TK\n1rLs1zHKyTO72oif33fX7m4MoTqhn6Gf3+saQ87wjXVojlr3AiCOtEEEjEaJhIzJ\nqoR4N3esZ6v5QKRTQeOwTgGSrmFyXingS/96ohZickNeSk+ALEHSX/0IWgpCdLhN\ntTGwmZBByBA45qawNjHxfdbki/xq+Y2JWLIqgtam7bTBhsUYNwV4K2nCwZCeVbvK\nWAwq4u8FBid/Mro8Zf1nii6ANN6VWHoioqvWxjYOvy/AkucoQaDXr4tmyH5ygm+u\ncNv7/fS6Ty66EC53nWsRJFop9k/0CES+XlAkHkYTIkZCQnzOxtXd9GexZun3Z4pK\npyTzZn0BYRI6THgGscMVFzn6sLDxpqco63/RssxWWfTt0PQjjteVdYyroQVd+dkp\nT+BohmRvoxXLeZyNXj446HuMLpUJjwKlilpITxvgozTd1U7lYYgt/3WBeMkzeeNV\nLbNG+JH1ApFFzS/K/Sms8qRQk5bYOR0MZTSBBLjCJt72OBloxcsJpNF04uJXGBbC\nKs3iKj4RKK42wQAAAQEAilUCXheUTF8tSdBsF7CXZyeBI6ifmPw8I2z3L7znMdKl\ndwx+ZphT5vgU7+eTbqRNS2O9iHR94ahgRnavlLHOIJQ35cKRIYeoTn8mf54AIlMX\nS+giLbc9tKNqFECgNPiatQDB213NRPwjkRzzP1Ikr/PzzdRKoOLUVQpB7U7kGOdQ\n3U39SO9yEVc8RBU/aBEWM9lmjJ/KVdQvdsUESQdlzd6/P2hUKdV7Ys+um2nA3lo4\nGzFVbc2h/knltjzlUuLLdG6ESdKIP5bWogxWa6QOv7ssVFd5eOp322RYOoa2Ngvl\nXy8HTTeAYzNeVuFXmbY2gUsvj3JPWhrK92M2UWi8cwAAAQEA+b3dXdjDwTDMN6IQ\nnLzn/O3cWH7i3BTl/Y4rj74KCJSmSp2Pr9xVmM7Y4uLzSR68+z2zZAG2HyLzfRsy\nIg8j6CjpG0mPT/XqWLl7QeI2mfciCodb2yVbsGDnqnRyQuelET+FEjUw542KiEST\nqkbj+T0C8MDUCUb592BUcdhDX3CJfzEMbQ22aUJtAJB60LxdsDe4Ktzcjz1D+kd7\nrthFD43W6bDXnN4GMrWcyJqtynzIkkXw0LnEUIbLYB9RdMli3gLZofQsFDq59wnG\nzeW9g5ywzPb1roYxUXP1E1GtEMWQonGMJakOpkOHhNJZjtwqTp7RI0L72THKITuW\niOltwwAAAQEAxWoJNYs9LVM9tM2YVJcVVLj3csdc6hAYwvCzUYjqP+Q0V9/G8Krh\nIc+GN2cYXsyADtaeI6FyBZ0ebQBH4LJzhkczNqjveQz84Ez48fdKB8BYAYHZ9KxF\nfdCMXxXm2u6r4kOnGOrLgQNy6gJZPk5jhCaLp3YKJcByPUGfJ/fLs3W7tDxhG87A\nxtc4Zxoaw7wX2ZM9k71mrRwJzeh3l8LahMAp9BPk12JjK2l/YZjKrUIMmo8xRV6i\nQmOYLv23X0jBTcQxnZJJp6oC6N4WPED/qVqr+D6py3ej++k4jlxas0/lbhy9ByX9\nsnKTcj33QEl+JN1oc6T7visQhu+AgSTu1QAAAAAB\n-----END OPENSSH PRIVATE KEY-----\n",
            "private_key_pem": "-----BEGIN RSA PRIVATE KEY-----\nMIIJKQIBAAKCAgEAwJaM8smXS2yWZunq/83SEu3pRerZKDUSv9cYrJakr+oTk15P\nJ2roeypF2oIudWSOuo9EaY0hRLjTXcjVP6kBLEEIsVI0O7Gbcwmttz5gxiTPAbpZ\ndXFG0vVJ/9ADwRKrw5syl4NgpuXc+FDs83Cn/dsvqlK6/3d5sXACVqvNcf63koVl\nSYbuIFgGl1yiavwJtOJ3z+AW+961bR/L/O/Kg7TMupc1NQpf4zMFdwCeT+S2ymaN\nmIZC9VfXS599yIO3hZvyuWpIgkTL26j5LNyZ0h00ps062EZyraON8YHF9TORfOK2\nQjNdui22+Z4sWjbf6BqYY0CkIUmHT7hOVAYKAS2td+ygwd1gYW9Fcbp0HpnAzA0J\nyypl3t1pJ9PyDo0iX4+G63dMyh4gHY43Gibr2RpGdlXKOT6Y2zwKPfWjCCCFC9IU\nI1yKNjUgik4Q+RbUt0X0YfKayhjXcT46FXOGo4ahSPVM877Pz2hpBPR0XT42cUVM\nc1GH2/U43kkniadx7QMJIv/HFS21vwxuDhSiRLvcBSBkwMGDYk1Uz9fHfc7L7QnQ\nwoN8Fp/zjwqOtKjzThrt8MYbsdS56g3i869RkkKB2GBqUtsTzgYmfbJ98nPRU/w5\n4YZ4PpnGOCanX0GaeTjtthrBZeENsUkuVIJe46WUHeD6yevuVXdXK6CvnT8CAwEA\nAQKCAgEAr6KdOG4QxIBrSb/ayR9zjj/aliDvmnOMfdg0cHGSD7xxzdwcY95j1q9e\ntUA0Dmt+nzU5Num2hW3plYYqtLv0jd9hhhVp/WakVe1lt8/zgcDf6LuCClEcPhfl\nPJ8ATXwxmVpYcUUnSA4pz2w+LGV5T1Itzi9Uytay7Ncxyskzu9qIn9931+5uDKE6\noZ+hn9/rGkPO8I11aI5a9wIgjrRBBIxGiYSMyaqEeDd3rGer+UCkU0HjsE4Bkq5h\ncl4p4Ev/eqIWYnJDXkpPgCxB0l/9CFoKQnS4TbUxsJmQQcgQOOamsDYx8X3W5Iv8\navmNiViyKoLWpu20wYbFGDcFeCtpwsGQnlW7ylgMKuLvBQYnfzK6PGX9Z4ougDTe\nlVh6IqKr1sY2Dr8vwJLnKEGg16+LZsh+coJvrnDb+/30uk8uuhAud51rESRaKfZP\n9AhEvl5QJB5GEyJGQkJ8zsbV3fRnsWbp92eKSqck82Z9AWESOkx4BrHDFRc5+rCw\n8aanKOt/0bLMVln07dD0I47XlXWMq6EFXfnZKU/gaIZkb6MVy3mcjV4+OOh7jC6V\nCY8CpYpaSE8b4KM03dVO5WGILf91gXjJM3njVS2zRviR9QKRRc0vyv0prPKkUJOW\n2DkdDGU0gQS4wibe9jgZaMXLCaTRdOLiVxgWwirN4io+ESiuNsECggEBAPm93V3Y\nw8EwzDeiEJy85/zt3Fh+4twU5f2OK4++CgiUpkqdj6/cVZjO2OLi80kevPs9s2QB\nth8i830bMiIPI+go6RtJj0/16li5e0HiNpn3IgqHW9slW7Bg56p0ckLnpRE/hRI1\nMOeNiohEk6pG4/k9AvDA1AlG+fdgVHHYQ19wiX8xDG0NtmlCbQCQetC8XbA3uCrc\n3I89Q/pHe67YRQ+N1umw15zeBjK1nMiarcp8yJJF8NC5xFCGy2AfUXTJYt4C2aH0\nLBQ6ufcJxs3lvYOcsMz29a6GMVFz9RNRrRDFkKJxjCWpDqZDh4TSWY7cKk6e0SNC\n+9kxyiE7lojpbcMCggEBAMVqCTWLPS1TPbTNmFSXFVS493LHXOoQGMLws1GI6j/k\nNFffxvCq4SHPhjdnGF7MgA7WniOhcgWdHm0AR+Cyc4ZHMzao73kM/OBM+PH3SgfA\nWAGB2fSsRX3QjF8V5truq+JDpxjqy4EDcuoCWT5OY4Qmi6d2CiXAcj1Bnyf3y7N1\nu7Q8YRvOwMbXOGcaGsO8F9mTPZO9Zq0cCc3od5fC2oTAKfQT5NdiYytpf2GYyq1C\nDJqPMUVeokJjmC79t19IwU3EMZ2SSaeqAujeFjxA/6laq/g+qct3o/vpOI5cWrNP\n5W4cvQcl/bJyk3I990BJfiTdaHOk+74rEIbvgIEk7tUCggEAZGWJWjLL7xwY3LyQ\nBRKECE/u5ryLooHcO2Qt6ukwy2ZGu3Q/0Si4WGe/FOa7eseanT2eojN17Wp1i/Ok\n4cBIZQodO9UEgdaQUP6vqDqyTI7m5min6p9IDs3GE+YgEPliiF6KtlkfwdZKvKEk\n46z/9LAsQHCkTN51mpblG6ce3n01KSakoiqDDCmh/DoYxVUULMUZilGjcQnmC/U0\nqYNTr/8LSILJCszOnRAZaSOVffNQBk2Lk706SE0H8Spl6pcS4cEvkEXCepdpLwCF\nJTyYRRJ2mM8m0PQtW1tMSGnrMvTZQhR3jKQ7uWcoUaLmUeH8OALsfEpvSE8VvOph\nh8SfVQKCAQAZHDOvq9ZMPZpLtRr7J3x/GkffQZx/6Sw9H4Cvjkq9dblys/QKCLI6\nKrtXsLVY2YowWPwkbBSkwidsleyOmCQ5oDTTbwmGzDAeF6xSmrG/6qdHCc0/Yeo0\n5qH0NkT29ATI8vH+KV9ZOacUPNg9JJtj48M/ubPwuVnOkNo9qzctzHvjoQp5DwNW\nR2nVM2zUGMiv1BqxABZfToGwvzD3DMHewNKVSTKCcvFKRFD/iP++qfgQcMZDnJXm\n++QPlhYM+KQd0Ca/dCwKN4XHOPh7EYlzcSUOnmnah41ELZYUBYtD45W7O8yPbDWo\nzQoULe2VL8PrzH3Mt9+NgMzJXQ1rX9dBAoIBAQCKVQJeF5RMXy1J0GwXsJdnJ4Ej\nqJ+Y/DwjbPcvvOcx0qV3DH5mmFPm+BTv55NupE1LY72IdH3hqGBGdq+Usc4glDfl\nwpEhh6hOfyZ/ngAiUxdL6CIttz20o2oUQKA0+Jq1AMHbXc1E/CORHPM/UiSv8/PN\n1Eqg4tRVCkHtTuQY51DdTf1I73IRVzxEFT9oERYz2WaMn8pV1C92xQRJB2XN3r8/\naFQp1Xtiz66bacDeWjgbMVVtzaH+SeW2POVS4st0boRJ0og/ltaiDFZrpA6/uyxU\nV3l46nfbZFg6hrY2C+VfLwdNN4BjM15W4VeZtjaBSy+Pck9aGsr3YzZRaLxz\n-----END RSA PRIVATE KEY-----\n",
            "private_key_pem_pkcs8": "-----BEGIN PRIVATE KEY-----\nMIIJQwIBADANBgkqhkiG9w0BAQEFAASCCS0wggkpAgEAAoICAQDAlozyyZdLbJZm\n6er/zdIS7elF6tkoNRK/1xislqSv6hOTXk8nauh7KkXagi51ZI66j0RpjSFEuNNd\nyNU/qQEsQQixUjQ7sZtzCa23PmDGJM8Bull1cUbS9Un/0APBEqvDmzKXg2Cm5dz4\nUOzzcKf92y+qUrr/d3mxcAJWq81x/reShWVJhu4gWAaXXKJq/Am04nfP4Bb73rVt\nH8v878qDtMy6lzU1Cl/jMwV3AJ5P5LbKZo2YhkL1V9dLn33Ig7eFm/K5akiCRMvb\nqPks3JnSHTSmzTrYRnKto43xgcX1M5F84rZCM126Lbb5nixaNt/oGphjQKQhSYdP\nuE5UBgoBLa137KDB3WBhb0VxunQemcDMDQnLKmXe3Wkn0/IOjSJfj4brd0zKHiAd\njjcaJuvZGkZ2Vco5PpjbPAo99aMIIIUL0hQjXIo2NSCKThD5FtS3RfRh8prKGNdx\nPjoVc4ajhqFI9Uzzvs/PaGkE9HRdPjZxRUxzUYfb9TjeSSeJp3HtAwki/8cVLbW/\nDG4OFKJEu9wFIGTAwYNiTVTP18d9zsvtCdDCg3wWn/OPCo60qPNOGu3wxhux1Lnq\nDeLzr1GSQoHYYGpS2xPOBiZ9sn3yc9FT/Dnhhng+mcY4JqdfQZp5OO22GsFl4Q2x\nSS5Ugl7jpZQd4PrJ6+5Vd1croK+dPwIDAQABAoICAQCvop04bhDEgGtJv9rJH3OO\nP9qWIO+ac4x92DRwcZIPvHHN3Bxj3mPWr161QDQOa36fNTk26baFbemVhiq0u/SN\n32GGFWn9ZqRV7WW3z/OBwN/ou4IKURw+F+U8nwBNfDGZWlhxRSdIDinPbD4sZXlP\nUi3OL1TK1rLs1zHKyTO72oif33fX7m4MoTqhn6Gf3+saQ87wjXVojlr3AiCOtEEE\njEaJhIzJqoR4N3esZ6v5QKRTQeOwTgGSrmFyXingS/96ohZickNeSk+ALEHSX/0I\nWgpCdLhNtTGwmZBByBA45qawNjHxfdbki/xq+Y2JWLIqgtam7bTBhsUYNwV4K2nC\nwZCeVbvKWAwq4u8FBid/Mro8Zf1nii6ANN6VWHoioqvWxjYOvy/AkucoQaDXr4tm\nyH5ygm+ucNv7/fS6Ty66EC53nWsRJFop9k/0CES+XlAkHkYTIkZCQnzOxtXd9Gex\nZun3Z4pKpyTzZn0BYRI6THgGscMVFzn6sLDxpqco63/RssxWWfTt0PQjjteVdYyr\noQVd+dkpT+BohmRvoxXLeZyNXj446HuMLpUJjwKlilpITxvgozTd1U7lYYgt/3WB\neMkzeeNVLbNG+JH1ApFFzS/K/Sms8qRQk5bYOR0MZTSBBLjCJt72OBloxcsJpNF0\n4uJXGBbCKs3iKj4RKK42wQKCAQEA+b3dXdjDwTDMN6IQnLzn/O3cWH7i3BTl/Y4r\nj74KCJSmSp2Pr9xVmM7Y4uLzSR68+z2zZAG2HyLzfRsyIg8j6CjpG0mPT/XqWLl7\nQeI2mfciCodb2yVbsGDnqnRyQuelET+FEjUw542KiESTqkbj+T0C8MDUCUb592BU\ncdhDX3CJfzEMbQ22aUJtAJB60LxdsDe4Ktzcjz1D+kd7rthFD43W6bDXnN4GMrWc\nyJqtynzIkkXw0LnEUIbLYB9RdMli3gLZofQsFDq59wnGzeW9g5ywzPb1roYxUXP1\nE1GtEMWQonGMJakOpkOHhNJZjtwqTp7RI0L72THKITuWiOltwwKCAQEAxWoJNYs9\nLVM9tM2YVJcVVLj3csdc6hAYwvCzUYjqP+Q0V9/G8KrhIc+GN2cYXsyADtaeI6Fy\nBZ0ebQBH4LJzhkczNqjveQz84Ez48fdKB8BYAYHZ9KxFfdCMXxXm2u6r4kOnGOrL\ngQNy6gJZPk5jhCaLp3YKJcByPUGfJ/fLs3W7tDxhG87Axtc4Zxoaw7wX2ZM9k71m\nrRwJzeh3l8LahMAp9BPk12JjK2l/YZjKrUIMmo8xRV6iQmOYLv23X0jBTcQxnZJJ\np6oC6N4WPED/qVqr+D6py3ej++k4jlxas0/lbhy9ByX9snKTcj33QEl+JN1oc6T7\nvisQhu+AgSTu1QKCAQBkZYlaMsvvHBjcvJAFEoQIT+7mvIuigdw7ZC3q6TDLZka7\ndD/RKLhYZ78U5rt6x5qdPZ6iM3XtanWL86ThwEhlCh071QSB1pBQ/q+oOrJMjubm\naKfqn0gOzcYT5iAQ+WKIXoq2WR/B1kq8oSTjrP/0sCxAcKRM3nWaluUbpx7efTUp\nJqSiKoMMKaH8OhjFVRQsxRmKUaNxCeYL9TSpg1Ov/wtIgskKzM6dEBlpI5V981AG\nTYuTvTpITQfxKmXqlxLhwS+QRcJ6l2kvAIUlPJhFEnaYzybQ9C1bW0xIaesy9NlC\nFHeMpDu5ZyhRouZR4fw4Aux8Sm9ITxW86mGHxJ9VAoIBABkcM6+r1kw9mku1Gvsn\nfH8aR99BnH/pLD0fgK+OSr11uXKz9AoIsjoqu1ewtVjZijBY/CRsFKTCJ2yV7I6Y\nJDmgNNNvCYbMMB4XrFKasb/qp0cJzT9h6jTmofQ2RPb0BMjy8f4pX1k5pxQ82D0k\nm2Pjwz+5s/C5Wc6Q2j2rNy3Me+OhCnkPA1ZHadUzbNQYyK/UGrEAFl9OgbC/MPcM\nwd7A0pVJMoJy8UpEUP+I/76p+BBwxkOcleb75A+WFgz4pB3QJr90LAo3hcc4+HsR\niXNxJQ6eadqHjUQtlhQFi0Pjlbs7zI9sNajNChQt7ZUvw+vMfcy3342AzMldDWtf\n10ECggEBAIpVAl4XlExfLUnQbBewl2cngSOon5j8PCNs9y+85zHSpXcMfmaYU+b4\nFO/nk26kTUtjvYh0feGoYEZ2r5SxziCUN+XCkSGHqE5/Jn+eACJTF0voIi23PbSj\nahRAoDT4mrUAwdtdzUT8I5Ec8z9SJK/z883USqDi1FUKQe1O5BjnUN1N/UjvchFX\nPEQVP2gRFjPZZoyfylXUL3bFBEkHZc3evz9oVCnVe2LPrptpwN5aOBsxVW3Nof5J\n5bY85VLiy3RuhEnSiD+W1qIMVmukDr+7LFRXeXjqd9tkWDqGtjYL5V8vB003gGMz\nXlbhV5m2NoFLL49yT1oayvdjNlFovHM=\n-----END PRIVATE KEY-----\n",
            "public_key_fingerprint_md5": "8e:90:7e:37:63:c1:f8:24:e3:19:fd:89:16:a3:d5:6c",
            "public_key_fingerprint_sha256": "SHA256:OvUb/iOAmdHJmrPJ1EQAgO0FwwF4gxe778lAVIzw3Ko",
            "public_key_openssh": "ssh-rsa AAAAB3NzaC1yc2EAAAADAQABAAACAQDAlozyyZdLbJZm6er/zdIS7elF6tkoNRK/1xislqSv6hOTXk8nauh7KkXagi51ZI66j0RpjSFEuNNdyNU/qQEsQQixUjQ7sZtzCa23PmDGJM8Bull1cUbS9Un/0APBEqvDmzKXg2Cm5dz4UOzzcKf92y+qUrr/d3mxcAJWq81x/reShWVJhu4gWAaXXKJq/Am04nfP4Bb73rVtH8v878qDtMy6lzU1Cl/jMwV3AJ5P5LbKZo2YhkL1V9dLn33Ig7eFm/K5akiCRMvbqPks3JnSHTSmzTrYRnKto43xgcX1M5F84rZCM126Lbb5nixaNt/oGphjQKQhSYdPuE5UBgoBLa137KDB3WBhb0VxunQemcDMDQnLKmXe3Wkn0/IOjSJfj4brd0zKHiAdjjcaJuvZGkZ2Vco5PpjbPAo99aMIIIUL0hQjXIo2NSCKThD5FtS3RfRh8prKGNdxPjoVc4ajhqFI9Uzzvs/PaGkE9HRdPjZxRUxzUYfb9TjeSSeJp3HtAwki/8cVLbW/DG4OFKJEu9wFIGTAwYNiTVTP18d9zsvtCdDCg3wWn/OPCo60qPNOGu3wxhux1LnqDeLzr1GSQoHYYGpS2xPOBiZ9sn3yc9FT/Dnhhng+mcY4JqdfQZp5OO22GsFl4Q2xSS5Ugl7jpZQd4PrJ6+5Vd1croK+dPw==\n",
            "public_key_pem": "-----BEGIN PUBLIC KEY-----\nMIICIjANBgkqhkiG9w0BAQEFAAOCAg8AMIICCgKCAgEAwJaM8smXS2yWZunq/83S\nEu3pRerZKDUSv9cYrJakr+oTk15PJ2roeypF2oIudWSOuo9EaY0hRLjTXcjVP6kB\nLEEIsVI0O7Gbcwmttz5gxiTPAbpZdXFG0vVJ/9ADwRKrw5syl4NgpuXc+FDs83Cn\n/dsvqlK6/3d5sXACVqvNcf63koVlSYbuIFgGl1yiavwJtOJ3z+AW+961bR/L/O/K\ng7TMupc1NQpf4zMFdwCeT+S2ymaNmIZC9VfXS599yIO3hZvyuWpIgkTL26j5LNyZ\n0h00ps062EZyraON8YHF9TORfOK2QjNdui22+Z4sWjbf6BqYY0CkIUmHT7hOVAYK\nAS2td+ygwd1gYW9Fcbp0HpnAzA0Jyypl3t1pJ9PyDo0iX4+G63dMyh4gHY43Gibr\n2RpGdlXKOT6Y2zwKPfWjCCCFC9IUI1yKNjUgik4Q+RbUt0X0YfKayhjXcT46FXOG\no4ahSPVM877Pz2hpBPR0XT42cUVMc1GH2/U43kkniadx7QMJIv/HFS21vwxuDhSi\nRLvcBSBkwMGDYk1Uz9fHfc7L7QnQwoN8Fp/zjwqOtKjzThrt8MYbsdS56g3i869R\nkkKB2GBqUtsTzgYmfbJ98nPRU/w54YZ4PpnGOCanX0GaeTjtthrBZeENsUkuVIJe\n46WUHeD6yevuVXdXK6CvnT8CAwEAAQ==\n-----END PUBLIC KEY-----\n",
            "rsa_bits": 4096
          },
          "sensitive_attributes": []
        }
      ]
    }
  ],
  "check_results": null
}
